
Microsoft Visual Studio Solution File, Format Version 12.00
# Visual Studio 15
VisualStudioVersion = 15.0.27428.2011
MinimumVisualStudioVersion = 10.0.40219.1
Project("{8BC9CEB8-8B4A-11D0-8D11-00A0C91BC942}") = "ds_report01", "ds_report01.vcxproj", "{E6D512D9-C0DC-4224-84F0-7F4436F8A4EE}"
EndProject
Global
	GlobalSection(SolutionConfigurationPlatforms) = preSolution
		Debug|x64 = Debug|x64
		Debug|x86 = Debug|x86
		Release|x64 = Release|x64
		Release|x86 = Release|x86
	EndGlobalSection
	GlobalSection(ProjectConfigurationPlatforms) = postSolution
		{E6D512D9-C0DC-4224-84F0-7F4436F8A4EE}.Debug|x64.ActiveCfg = Debug|x64
		{E6D512D9-C0DC-4224-84F0-7F4436F8A4EE}.Debug|x64.Build.0 = Debug|x64
		{E6D512D9-C0DC-4224-84F0-7F4436F8A4EE}.Debug|x86.ActiveCfg = Debug|Win32
		{E6D512D9-C0DC-4224-84F0-7F4436F8A4EE}.Debug|x86.Build.0 = Debug|Win32
		{E6D512D9-C0DC-4224-84F0-7F4436F8A4EE}.Release|x64.ActiveCfg = Release|x64
		{E6D512D9-C0DC-4224-84F0-7F4436F8A4EE}.Release|x64.Build.0 = Release|x64
		{E6D512D9-C0DC-4224-84F0-7F4436F8A4EE}.Release|x86.ActiveCfg = Release|Win32
		{E6D512D9-C0DC-4224-84F0-7F4436F8A4EE}.Release|x86.Build.0 = Release|Win32
	EndGlobalSection
	GlobalSection(SolutionProperties) = preSolution
		HideSolutionNode = FALSE
	EndGlobalSection
	GlobalSection(ExtensibilityGlobals) = postSolution
		SolutionGuid = {5EDB6CE2-4051-4BA8-9611-D793FD6E327A}
	EndGlobalSection
EndGlobal
